
Microsoft Visual Studio Solution File, Format Version 12.00
# Visual Studio Version 17
VisualStudioVersion = 17.4.33110.190
MinimumVisualStudioVersion = 10.0.40219.1
Project("{FAE04EC0-301F-11D3-BF4B-00C04F79EFBC}") = "SmartOllas.Irrigation.API", "SmartOllas.Irrigation.API\SmartOllas.Irrigation.API.csproj", "{AB7D7379-6788-428C-9FED-A458BB4F31DE}"
EndProject
Global
	GlobalSection(SolutionConfigurationPlatforms) = preSolution
		Debug|Any CPU = Debug|Any CPU
		Release|Any CPU = Release|Any CPU
	EndGlobalSection
	GlobalSection(ProjectConfigurationPlatforms) = postSolution
		{AB7D7379-6788-428C-9FED-A458BB4F31DE}.Debug|Any CPU.ActiveCfg = Debug|Any CPU
		{AB7D7379-6788-428C-9FED-A458BB4F31DE}.Debug|Any CPU.Build.0 = Debug|Any CPU
		{AB7D7379-6788-428C-9FED-A458BB4F31DE}.Release|Any CPU.ActiveCfg = Release|Any CPU
		{AB7D7379-6788-428C-9FED-A458BB4F31DE}.Release|Any CPU.Build.0 = Release|Any CPU
	EndGlobalSection
	GlobalSection(SolutionProperties) = preSolution
		HideSolutionNode = FALSE
	EndGlobalSection
	GlobalSection(ExtensibilityGlobals) = postSolution
		SolutionGuid = {0F1A77F7-8868-4C33-BCE7-34FA9A676119}
	EndGlobalSection
EndGlobal
